%{
  "bonfire_common": {:git, "https://github.com/bonfire-networks/bonfire_common", "438f4b74e185b07365223f33f41f53f6dbce2467", [branch: "main"]},
  "bonfire_data_access_control": {:git, "https://github.com/bonfire-networks/bonfire_data_access_control", "6db3a7ff966de9b4b13b9d2bed094fc68d440cfa", [branch: "main"]},
  "bonfire_data_activity_pub": {:git, "https://github.com/bonfire-networks/bonfire_data_activity_pub", "9e8113bfb1a07a381f911e350f2ad11922679ad9", [branch: "main"]},
  "bonfire_data_identity": {:git, "https://github.com/bonfire-networks/bonfire_data_identity", "e0a179bf8718479c56b188e246e7c657187bda70", [branch: "main"]},
  "bonfire_data_social": {:git, "https://github.com/bonfire-networks/bonfire_data_social", "71299067dbb30cd8f936532d2b27d9ddf619b949", [branch: "main"]},
  "ecto_materialized_path": {:git, "https://github.com/bonfire-networks/ecto_materialized_path", "117ebd0693ec949a1e12fa75481611596d0f5d3d", []},
  "surface_heroicons": {:git, "https://github.com/rocketinsights/surface_heroicons", "4bdbe53e9ec933d257d033c267ae1f625ceacd9d", []},
  "verbs": {:git, "https://github.com/shannonwells/verbs_ex", "0b0b6c56844450af5e020ebaa290661206801c2d", []},
}
